{
  "object": {
    "pins": [
      {
        "package": "swift-argument-parser",
        "repositoryURL": "https://github.com/apple/swift-argument-parser",
        "state": {
          "branch": null,
          "revision": "e1465042f195f374b94f915ba8ca49de24300a0d",
          "version": "1.0.2"
        }
      },
      {
        "package": "ZIPFoundation",
        "repositoryURL": "https://github.com/DimaRU/ZIPFoundation",
        "state": {
          "branch": "forcedate",
          "revision": "3a6d9be1a925c8543ad5fdb23c02af0fdacb9e9d",
          "version": null
        }
      }
    ]
  },
  "version": 1
}
