{
  "object": {
    "pins": [
      {
        "package": "swift-argument-parser",
        "repositoryURL": "https://github.com/apple/swift-argument-parser",
        "state": {
          "branch": null,
          "revision": "f3c9084a71ef4376f2fabbdf1d3d90a49f1fabdb",
          "version": "1.1.2"
        }
      },
      {
        "package": "ZIPFoundation",
        "repositoryURL": "https://github.com/DimaRU/ZIPFoundation",
        "state": {
          "branch": "forcedate",
          "revision": "3a6d9be1a925c8543ad5fdb23c02af0fdacb9e9d",
          "version": null
        }
      }
    ]
  },
  "version": 1
}
